// !$*UTF8*$!
{
	archiveVersion = 1;
	classes = {
	};
	objectVersion = 77;
	objects = {

/* Begin PBXBuildFile section */
		1C537254BA04BEE127EA1B57 /* Pods_SimpleExpenseTracker.framework in Frameworks */ = {isa = PBXBuildFile; fileRef = A5886161FCE160313ADC8A0D /* Pods_SimpleExpenseTracker.framework */; };
		D85144582F69995100FD1A19 /* Assets.xcassets in Resources */ = {isa = PBXBuildFile; fileRef = D85144502F69995100FD1A19 /* Assets.xcassets */; };
		D851445A2F69995100FD1A19 /* LaunchScreen.storyboard in Resources */ = {isa = PBXBuildFile; fileRef = D85144532F69995100FD1A19 /* LaunchScreen.storyboard */; };
		D851445B2F69995100FD1A19 /* Expense.m in Sources */ = {isa = PBXBuildFile; fileRef = D85144412F69995100FD1A19 /* Expense.m */; };
		D851445C2F69995100FD1A19 /* ExpenseManager.m in Sources */ = {isa = PBXBuildFile; fileRef = D85144432F69995100FD1A19 /* ExpenseManager.m */; };
		D851445D2F69995100FD1A19 /* AddExpenseViewController.m in Sources */ = {isa = PBXBuildFile; fileRef = D85144462F69995100FD1A19 /* AddExpenseViewController.m */; };
		D851445E2F69995100FD1A19 /* HomeViewController.m in Sources */ = {isa = PBXBuildFile; fileRef = D85144482F69995100FD1A19 /* HomeViewController.m */; };
		D851445F2F69995100FD1A19 /* ExpenseCell.m in Sources */ = {isa = PBXBuildFile; fileRef = D851444B2F69995100FD1A19 /* ExpenseCell.m */; };
		D85144602F69995100FD1A19 /* AppDelegate.m in Sources */ = {isa = PBXBuildFile; fileRef = D851444F2F69995100FD1A19 /* AppDelegate.m */; };
		D85144612F69995100FD1A19 /* main.m in Sources */ = {isa = PBXBuildFile; fileRef = D85144542F69995100FD1A19 /* main.m */; };
		D85144622F69995100FD1A19 /* SceneDelegate.m in Sources */ = {isa = PBXBuildFile; fileRef = D85144562F69995100FD1A19 /* SceneDelegate.m */; };
		D85144652F69995100FD1A19 /* CurrencyFormatter.m in Sources */ = {isa = PBXBuildFile; fileRef = D85144642F69995100FD1A19 /* CurrencyFormatter.m */; };
		D8CC2B722F6ADECB004AA47E /* ProfileViewController.m in Sources */ = {isa = PBXBuildFile; fileRef = D8CC2B712F6ADECB004AA47E /* ProfileViewController.m */; };
		D8CC2B752F6ADECB004AA481 /* ExpenseDetailViewController.m in Sources */ = {isa = PBXBuildFile; fileRef = D8CC2B742F6ADECB004AA480 /* ExpenseDetailViewController.m */; };
		D8CC2B7A2F6BE000004AA483 /* ExpenseSharePreviewView.m in Sources */ = {isa = PBXBuildFile; fileRef = D8CC2B792F6BE000004AA483 /* ExpenseSharePreviewView.m */; };
/* End PBXBuildFile section */

/* Begin PBXFileReference section */
		8DB8D35C74914F71D40DDDA7 /* Pods-SimpleExpenseTracker.debug.xcconfig */ = {isa = PBXFileReference; includeInIndex = 1; lastKnownFileType = text.xcconfig; name = "Pods-SimpleExpenseTracker.debug.xcconfig"; path = "Target Support Files/Pods-SimpleExpenseTracker/Pods-SimpleExpenseTracker.debug.xcconfig"; sourceTree = "<group>"; };
		A5886161FCE160313ADC8A0D /* Pods_SimpleExpenseTracker.framework */ = {isa = PBXFileReference; explicitFileType = wrapper.framework; includeInIndex = 0; path = Pods_SimpleExpenseTracker.framework; sourceTree = BUILT_PRODUCTS_DIR; };
		D85143652F698A4300FD1A19 /* SimpleExpenseTracker.app */ = {isa = PBXFileReference; explicitFileType = wrapper.application; includeInIndex = 0; path = SimpleExpenseTracker.app; sourceTree = BUILT_PRODUCTS_DIR; };
		D85144402F69995100FD1A19 /* Expense.h */ = {isa = PBXFileReference; lastKnownFileType = sourcecode.c.h; path = Expense.h; sourceTree = "<group>"; };
		D85144412F69995100FD1A19 /* Expense.m */ = {isa = PBXFileReference; lastKnownFileType = sourcecode.c.objc; path = Expense.m; sourceTree = "<group>"; };
		D85144422F69995100FD1A19 /* ExpenseManager.h */ = {isa = PBXFileReference; lastKnownFileType = sourcecode.c.h; path = ExpenseManager.h; sourceTree = "<group>"; };
		D85144432F69995100FD1A19 /* ExpenseManager.m */ = {isa = PBXFileReference; lastKnownFileType = sourcecode.c.objc; path = ExpenseManager.m; sourceTree = "<group>"; };
		D85144452F69995100FD1A19 /* AddExpenseViewController.h */ = {isa = PBXFileReference; lastKnownFileType = sourcecode.c.h; path = AddExpenseViewController.h; sourceTree = "<group>"; };
		D85144462F69995100FD1A19 /* AddExpenseViewController.m */ = {isa = PBXFileReference; lastKnownFileType = sourcecode.c.objc; path = AddExpenseViewController.m; sourceTree = "<group>"; };
		D85144472F69995100FD1A19 /* HomeViewController.h */ = {isa = PBXFileReference; lastKnownFileType = sourcecode.c.h; path = HomeViewController.h; sourceTree = "<group>"; };
		D85144482F69995100FD1A19 /* HomeViewController.m */ = {isa = PBXFileReference; lastKnownFileType = sourcecode.c.objc; path = HomeViewController.m; sourceTree = "<group>"; };
		D851444A2F69995100FD1A19 /* ExpenseCell.h */ = {isa = PBXFileReference; lastKnownFileType = sourcecode.c.h; path = ExpenseCell.h; sourceTree = "<group>"; };
		D851444B2F69995100FD1A19 /* ExpenseCell.m */ = {isa = PBXFileReference; lastKnownFileType = sourcecode.c.objc; path = ExpenseCell.m; sourceTree = "<group>"; };
		D851444E2F69995100FD1A19 /* AppDelegate.h */ = {isa = PBXFileReference; lastKnownFileType = sourcecode.c.h; path = AppDelegate.h; sourceTree = "<group>"; };
		D851444F2F69995100FD1A19 /* AppDelegate.m */ = {isa = PBXFileReference; lastKnownFileType = sourcecode.c.objc; path = AppDelegate.m; sourceTree = "<group>"; };
		D85144502F69995100FD1A19 /* Assets.xcassets */ = {isa = PBXFileReference; lastKnownFileType = folder.assetcatalog; path = Assets.xcassets; sourceTree = "<group>"; };
		D85144512F69995100FD1A19 /* Info.plist */ = {isa = PBXFileReference; lastKnownFileType = text.plist.xml; path = Info.plist; sourceTree = "<group>"; };
		D85144522F69995100FD1A19 /* Base */ = {isa = PBXFileReference; lastKnownFileType = file.storyboard; name = Base; path = Base.lproj/LaunchScreen.storyboard; sourceTree = "<group>"; };
		D85144542F69995100FD1A19 /* main.m */ = {isa = PBXFileReference; lastKnownFileType = sourcecode.c.objc; path = main.m; sourceTree = "<group>"; };
		D85144552F69995100FD1A19 /* SceneDelegate.h */ = {isa = PBXFileReference; lastKnownFileType = sourcecode.c.h; path = SceneDelegate.h; sourceTree = "<group>"; };
		D85144562F69995100FD1A19 /* SceneDelegate.m */ = {isa = PBXFileReference; lastKnownFileType = sourcecode.c.objc; path = SceneDelegate.m; sourceTree = "<group>"; };
		D85144632F69995100FD1A19 /* CurrencyFormatter.h */ = {isa = PBXFileReference; lastKnownFileType = sourcecode.c.h; path = CurrencyFormatter.h; sourceTree = "<group>"; };
		D85144642F69995100FD1A19 /* CurrencyFormatter.m */ = {isa = PBXFileReference; lastKnownFileType = sourcecode.c.objc; path = CurrencyFormatter.m; sourceTree = "<group>"; };
		D8CC2B702F6ADECB004AA47E /* ProfileViewController.h */ = {isa = PBXFileReference; lastKnownFileType = sourcecode.c.h; path = ProfileViewController.h; sourceTree = "<group>"; };
		D8CC2B712F6ADECB004AA47E /* ProfileViewController.m */ = {isa = PBXFileReference; lastKnownFileType = sourcecode.c.objc; path = ProfileViewController.m; sourceTree = "<group>"; };
		D8CC2B732F6ADECB004AA47F /* ExpenseDetailViewController.h */ = {isa = PBXFileReference; lastKnownFileType = sourcecode.c.h; path = ExpenseDetailViewController.h; sourceTree = "<group>"; };
		D8CC2B742F6ADECB004AA480 /* ExpenseDetailViewController.m */ = {isa = PBXFileReference; lastKnownFileType = sourcecode.c.objc; path = ExpenseDetailViewController.m; sourceTree = "<group>"; };
		D8CC2B772F6BD000004AA482 /* Photos.framework */ = {isa = PBXFileReference; lastKnownFileType = wrapper.framework; name = Photos.framework; path = System/Library/Frameworks/Photos.framework; sourceTree = SDKROOT; };
		D8CC2B782F6BE000004AA483 /* ExpenseSharePreviewView.h */ = {isa = PBXFileReference; lastKnownFileType = sourcecode.c.h; path = ExpenseSharePreviewView.h; sourceTree = "<group>"; };
		D8CC2B792F6BE000004AA483 /* ExpenseSharePreviewView.m */ = {isa = PBXFileReference; lastKnownFileType = sourcecode.c.objc; path = ExpenseSharePreviewView.m; sourceTree = "<group>"; };
		E9674BD44D859A4EB80FC41F /* Pods-SimpleExpenseTracker.release.xcconfig */ = {isa = PBXFileReference; includeInIndex = 1; lastKnownFileType = text.xcconfig; name = "Pods-SimpleExpenseTracker.release.xcconfig"; path = "Target Support Files/Pods-SimpleExpenseTracker/Pods-SimpleExpenseTracker.release.xcconfig"; sourceTree = "<group>"; };
/* End PBXFileReference section */

/* Begin PBXFrameworksBuildPhase section */
		D85143622F698A4300FD1A19 /* Frameworks */ = {
			isa = PBXFrameworksBuildPhase;
			buildActionMask = 2147483647;
			files = (
				1C537254BA04BEE127EA1B57 /* Pods_SimpleExpenseTracker.framework in Frameworks */,
				D8CC2B762F6BD000004AA482 /* Photos.framework in Frameworks */,
			);
			runOnlyForDeploymentPostprocessing = 0;
		};
/* End PBXFrameworksBuildPhase section */

/* Begin PBXGroup section */
		1A4D5046540EC2EAF2DA0EA4 /* Frameworks */ = {
			isa = PBXGroup;
			children = (
				A5886161FCE160313ADC8A0D /* Pods_SimpleExpenseTracker.framework */,
				D8CC2B772F6BD000004AA482 /* Photos.framework */,
			);
			name = Frameworks;
			sourceTree = "<group>";
		};
		5A03CCE12062AA81F6B68427 /* Pods */ = {
			isa = PBXGroup;
			children = (
				8DB8D35C74914F71D40DDDA7 /* Pods-SimpleExpenseTracker.debug.xcconfig */,
				E9674BD44D859A4EB80FC41F /* Pods-SimpleExpenseTracker.release.xcconfig */,
			);
			path = Pods;
			sourceTree = "<group>";
		};
		D851435C2F698A4300FD1A19 = {
			isa = PBXGroup;
			children = (
				D85144572F69995100FD1A19 /* SimpleExpenseTracker */,
				D85143662F698A4300FD1A19 /* Products */,
				5A03CCE12062AA81F6B68427 /* Pods */,
				1A4D5046540EC2EAF2DA0EA4 /* Frameworks */,
			);
			sourceTree = "<group>";
		};
		D85143662F698A4300FD1A19 /* Products */ = {
			isa = PBXGroup;
			children = (
				D85143652F698A4300FD1A19 /* SimpleExpenseTracker.app */,
			);
			name = Products;
			sourceTree = "<group>";
		};
		D85144442F69995100FD1A19 /* Models */ = {
			isa = PBXGroup;
			children = (
				D85144402F69995100FD1A19 /* Expense.h */,
				D85144412F69995100FD1A19 /* Expense.m */,
				D85144422F69995100FD1A19 /* ExpenseManager.h */,
				D85144432F69995100FD1A19 /* ExpenseManager.m */,
				D85144632F69995100FD1A19 /* CurrencyFormatter.h */,
				D85144642F69995100FD1A19 /* CurrencyFormatter.m */,
			);
			path = Models;
			sourceTree = "<group>";
		};
		D85144492F69995100FD1A19 /* ViewControllers */ = {
			isa = PBXGroup;
			children = (
				D8CC2B702F6ADECB004AA47E /* ProfileViewController.h */,
				D8CC2B712F6ADECB004AA47E /* ProfileViewController.m */,
				D85144452F69995100FD1A19 /* AddExpenseViewController.h */,
				D85144462F69995100FD1A19 /* AddExpenseViewController.m */,
				D85144472F69995100FD1A19 /* HomeViewController.h */,
				D85144482F69995100FD1A19 /* HomeViewController.m */,
				D8CC2B732F6ADECB004AA47F /* ExpenseDetailViewController.h */,
				D8CC2B742F6ADECB004AA480 /* ExpenseDetailViewController.m */,
			);
			path = ViewControllers;
			sourceTree = "<group>";
		};
		D851444C2F69995100FD1A19 /* Views */ = {
			isa = PBXGroup;
			children = (
				D851444A2F69995100FD1A19 /* ExpenseCell.h */,
				D851444B2F69995100FD1A19 /* ExpenseCell.m */,
				D8CC2B782F6BE000004AA483 /* ExpenseSharePreviewView.h */,
				D8CC2B792F6BE000004AA483 /* ExpenseSharePreviewView.m */,
			);
			path = Views;
			sourceTree = "<group>";
		};
		D851444D2F69995100FD1A19 /* Modules */ = {
			isa = PBXGroup;
			children = (
				D85144442F69995100FD1A19 /* Models */,
				D85144492F69995100FD1A19 /* ViewControllers */,
				D851444C2F69995100FD1A19 /* Views */,
			);
			path = Modules;
			sourceTree = "<group>";
		};
		D85144572F69995100FD1A19 /* SimpleExpenseTracker */ = {
			isa = PBXGroup;
			children = (
				D851444D2F69995100FD1A19 /* Modules */,
				D851444E2F69995100FD1A19 /* AppDelegate.h */,
				D851444F2F69995100FD1A19 /* AppDelegate.m */,
				D85144502F69995100FD1A19 /* Assets.xcassets */,
				D85144512F69995100FD1A19 /* Info.plist */,
				D85144532F69995100FD1A19 /* LaunchScreen.storyboard */,
				D85144542F69995100FD1A19 /* main.m */,
				D85144552F69995100FD1A19 /* SceneDelegate.h */,
				D85144562F69995100FD1A19 /* SceneDelegate.m */,
			);
			path = SimpleExpenseTracker;
			sourceTree = "<group>";
		};
/* End PBXGroup section */

/* Begin PBXNativeTarget section */
		D85143642F698A4300FD1A19 /* SimpleExpenseTracker */ = {
			isa = PBXNativeTarget;
			buildConfigurationList = D851437D2F698A4500FD1A19 /* Build configuration list for PBXNativeTarget "SimpleExpenseTracker" */;
			buildPhases = (
				A7495DF5EE63F0AF153E5886 /* [CP] Check Pods Manifest.lock */,
				D85143612F698A4300FD1A19 /* Sources */,
				D85143622F698A4300FD1A19 /* Frameworks */,
				D85143632F698A4300FD1A19 /* Resources */,
				09D7186DF16B516089946575 /* [CP] Embed Pods Frameworks */,
			);
			buildRules = (
			);
			dependencies = (
			);
			name = SimpleExpenseTracker;
			productName = SimpleExpenseTracker;
			productReference = D85143652F698A4300FD1A19 /* SimpleExpenseTracker.app */;
			productType = "com.apple.product-type.application";
		};
/* End PBXNativeTarget section */

/* Begin PBXProject section */
		D851435D2F698A4300FD1A19 /* Project object */ = {
			isa = PBXProject;
			attributes = {
				BuildIndependentTargetsInParallel = 1;
				LastUpgradeCheck = 2630;
				TargetAttributes = {
					D85143642F698A4300FD1A19 = {
						CreatedOnToolsVersion = 26.3;
					};
				};
			};
			buildConfigurationList = D85143602F698A4300FD1A19 /* Build configuration list for PBXProject "SimpleExpenseTracker" */;
			developmentRegion = en;
			hasScannedForEncodings = 0;
			knownRegions = (
				en,
				Base,
			);
			mainGroup = D851435C2F698A4300FD1A19;
			minimizedProjectReferenceProxies = 1;
			preferredProjectObjectVersion = 77;
			productRefGroup = D85143662F698A4300FD1A19 /* Products */;
			projectDirPath = "";
			projectRoot = "";
			targets = (
				D85143642F698A4300FD1A19 /* SimpleExpenseTracker */,
			);
		};
/* End PBXProject section */

/* Begin PBXResourcesBuildPhase section */
		D85143632F698A4300FD1A19 /* Resources */ = {
			isa = PBXResourcesBuildPhase;
			buildActionMask = 2147483647;
			files = (
				D85144582F69995100FD1A19 /* Assets.xcassets in Resources */,
				D851445A2F69995100FD1A19 /* LaunchScreen.storyboard in Resources */,
			);
			runOnlyForDeploymentPostprocessing = 0;
		};
/* End PBXResourcesBuildPhase section */

/* Begin PBXShellScriptBuildPhase section */
		09D7186DF16B516089946575 /* [CP] Embed Pods Frameworks */ = {
			isa = PBXShellScriptBuildPhase;
			buildActionMask = 2147483647;
			files = (
			);
			inputFileListPaths = (
				"${PODS_ROOT}/Target Support Files/Pods-SimpleExpenseTracker/Pods-SimpleExpenseTracker-frameworks-${CONFIGURATION}-input-files.xcfilelist",
			);
			name = "[CP] Embed Pods Frameworks";
			outputFileListPaths = (
				"${PODS_ROOT}/Target Support Files/Pods-SimpleExpenseTracker/Pods-SimpleExpenseTracker-frameworks-${CONFIGURATION}-output-files.xcfilelist",
			);
			runOnlyForDeploymentPostprocessing = 0;
			shellPath = /bin/sh;
			shellScript = "\"${PODS_ROOT}/Target Support Files/Pods-SimpleExpenseTracker/Pods-SimpleExpenseTracker-frameworks.sh\"\n";
			showEnvVarsInLog = 0;
		};
		A7495DF5EE63F0AF153E5886 /* [CP] Check Pods Manifest.lock */ = {
			isa = PBXShellScriptBuildPhase;
			buildActionMask = 2147483647;
			files = (
			);
			inputFileListPaths = (
			);
			inputPaths = (
				"${PODS_PODFILE_DIR_PATH}/Podfile.lock",
				"${PODS_ROOT}/Manifest.lock",
			);
			name = "[CP] Check Pods Manifest.lock";
			outputFileListPaths = (
			);
			outputPaths = (
				"$(DERIVED_FILE_DIR)/Pods-SimpleExpenseTracker-checkManifestLockResult.txt",
			);
			runOnlyForDeploymentPostprocessing = 0;
			shellPath = /bin/sh;
			shellScript = "diff \"${PODS_PODFILE_DIR_PATH}/Podfile.lock\" \"${PODS_ROOT}/Manifest.lock\" > /dev/null\nif [ $? != 0 ] ; then\n    # print error to STDERR\n    echo \"error: The sandbox is not in sync with the Podfile.lock. Run 'pod install' or update your CocoaPods installation.\" >&2\n    exit 1\nfi\n# This output is used by Xcode 'outputs' to avoid re-running this script phase.\necho \"SUCCESS\" > \"${SCRIPT_OUTPUT_FILE_0}\"\n";
			showEnvVarsInLog = 0;
		};
/* End PBXShellScriptBuildPhase section */

/* Begin PBXSourcesBuildPhase section */
		D85143612F698A4300FD1A19 /* Sources */ = {
			isa = PBXSourcesBuildPhase;
			buildActionMask = 2147483647;
			files = (
				D851445B2F69995100FD1A19 /* Expense.m in Sources */,
				D8CC2B722F6ADECB004AA47E /* ProfileViewController.m in Sources */,
				D851445C2F69995100FD1A19 /* ExpenseManager.m in Sources */,
				D851445D2F69995100FD1A19 /* AddExpenseViewController.m in Sources */,
				D851445E2F69995100FD1A19 /* HomeViewController.m in Sources */,
				D851445F2F69995100FD1A19 /* ExpenseCell.m in Sources */,
				D85144602F69995100FD1A19 /* AppDelegate.m in Sources */,
				D85144612F69995100FD1A19 /* main.m in Sources */,
				D85144622F69995100FD1A19 /* SceneDelegate.m in Sources */,
				D85144652F69995100FD1A19 /* CurrencyFormatter.m in Sources */,
				D8CC2B752F6ADECB004AA481 /* ExpenseDetailViewController.m in Sources */,
				D8CC2B7A2F6BE000004AA483 /* ExpenseSharePreviewView.m in Sources */,
			);
			runOnlyForDeploymentPostprocessing = 0;
		};
/* End PBXSourcesBuildPhase section */

/* Begin PBXVariantGroup section */
		D85144532F69995100FD1A19 /* LaunchScreen.storyboard */ = {
			isa = PBXVariantGroup;
			children = (
				D85144522F69995100FD1A19 /* Base */,
			);
			name = LaunchScreen.storyboard;
			sourceTree = "<group>";
		};
/* End PBXVariantGroup section */

/* Begin XCBuildConfiguration section */
		D851437E2F698A4500FD1A19 /* Debug */ = {
			isa = XCBuildConfiguration;
			baseConfigurationReference = 8DB8D35C74914F71D40DDDA7 /* Pods-SimpleExpenseTracker.debug.xcconfig */;
			buildSettings = {
				ASSETCATALOG_COMPILER_APPICON_NAME = AppIcon;
				ASSETCATALOG_COMPILER_GLOBAL_ACCENT_COLOR_NAME = AccentColor;
				CODE_SIGN_STYLE = Automatic;
				CURRENT_PROJECT_VERSION = 1;
				ENABLE_USER_SCRIPT_SANDBOXING = NO;
				GENERATE_INFOPLIST_FILE = YES;
				INFOPLIST_FILE = SimpleExpenseTracker/Info.plist;
				INFOPLIST_KEY_UIApplicationSupportsIndirectInputEvents = YES;
				INFOPLIST_KEY_UILaunchStoryboardName = LaunchScreen;
				INFOPLIST_KEY_UISupportedInterfaceOrientations_iPad = "UIInterfaceOrientationPortrait UIInterfaceOrientationPortraitUpsideDown UIInterfaceOrientationLandscapeLeft UIInterfaceOrientationLandscapeRight";
				INFOPLIST_KEY_UISupportedInterfaceOrientations_iPhone = "UIInterfaceOrientationPortrait UIInterfaceOrientationLandscapeLeft UIInterfaceOrientationLandscapeRight";
				LD_RUNPATH_SEARCH_PATHS = (
					"$(inherited)",
					"@executable_path/Frameworks",
				);
				MARKETING_VERSION = 1.0;
				PRODUCT_BUNDLE_IDENTIFIER = goome.SimpleExpenseTracker;
				PRODUCT_NAME = "$(TARGET_NAME)";
				STRING_CATALOG_GENERATE_SYMBOLS = YES;
				SWIFT_EMIT_LOC_STRINGS = YES;
				TARGETED_DEVICE_FAMILY = "1,2";
			};
			name = Debug;
		};
		D851437F2F698A4500FD1A19 /* Release */ = {
			isa = XCBuildConfiguration;
			baseConfigurationReference = E9674BD44D859A4EB80FC41F /* Pods-SimpleExpenseTracker.release.xcconfig */;
			buildSettings = {
				ASSETCATALOG_COMPILER_APPICON_NAME = AppIcon;
				ASSETCATALOG_COMPILER_GLOBAL_ACCENT_COLOR_NAME = AccentColor;
				CODE_SIGN_STYLE = Automatic;
				CURRENT_PROJECT_VERSION = 1;
				ENABLE_USER_SCRIPT_SANDBOXING = NO;
				GENERATE_INFOPLIST_FILE = YES;
				INFOPLIST_FILE = SimpleExpenseTracker/Info.plist;
				INFOPLIST_KEY_UIApplicationSupportsIndirectInputEvents = YES;
				INFOPLIST_KEY_UILaunchStoryboardName = LaunchScreen;
				INFOPLIST_KEY_UISupportedInterfaceOrientations_iPad = "UIInterfaceOrientationPortrait UIInterfaceOrientationPortraitUpsideDown UIInterfaceOrientationLandscapeLeft UIInterfaceOrientationLandscapeRight";
				INFOPLIST_KEY_UISupportedInterfaceOrientations_iPhone = "UIInterfaceOrientationPortrait UIInterfaceOrientationLandscapeLeft UIInterfaceOrientationLandscapeRight";
				LD_RUNPATH_SEARCH_PATHS = (
					"$(inherited)",
					"@executable_path/Frameworks",
				);
				MARKETING_VERSION = 1.0;
				PRODUCT_BUNDLE_IDENTIFIER = goome.SimpleExpenseTracker;
				PRODUCT_NAME = "$(TARGET_NAME)";
				STRING_CATALOG_GENERATE_SYMBOLS = YES;
				SWIFT_EMIT_LOC_STRINGS = YES;
				TARGETED_DEVICE_FAMILY = "1,2";
			};
			name = Release;
		};
		D85143802F698A4500FD1A19 /* Debug */ = {
			isa = XCBuildConfiguration;
			buildSettings = {
				ALWAYS_SEARCH_USER_PATHS = NO;
				ASSETCATALOG_COMPILER_GENERATE_SWIFT_ASSET_SYMBOL_EXTENSIONS = YES;
				CLANG_ANALYZER_NONNULL = YES;
				CLANG_ANALYZER_NUMBER_OBJECT_CONVERSION = YES_AGGRESSIVE;
				CLANG_CXX_LANGUAGE_STANDARD = "gnu++20";
				CLANG_ENABLE_MODULES = YES;
				CLANG_ENABLE_OBJC_ARC = YES;
				CLANG_ENABLE_OBJC_WEAK = YES;
				CLANG_WARN_BLOCK_CAPTURE_AUTORELEASING = YES;
				CLANG_WARN_BOOL_CONVERSION = YES;
				CLANG_WARN_COMMA = YES;
				CLANG_WARN_CONSTANT_CONVERSION = YES;
				CLANG_WARN_DEPRECATED_OBJC_IMPLEMENTATIONS = YES;
				CLANG_WARN_DIRECT_OBJC_ISA_USAGE = YES_ERROR;
				CLANG_WARN_DOCUMENTATION_COMMENTS = YES;
				CLANG_WARN_EMPTY_BODY = YES;
				CLANG_WARN_ENUM_CONVERSION = YES;
				CLANG_WARN_INFINITE_RECURSION = YES;
				CLANG_WARN_INT_CONVERSION = YES;
				CLANG_WARN_NON_LITERAL_NULL_CONVERSION = YES;
				CLANG_WARN_OBJC_IMPLICIT_RETAIN_SELF = YES;
				CLANG_WARN_OBJC_LITERAL_CONVERSION = YES;
				CLANG_WARN_OBJC_ROOT_CLASS = YES_ERROR;
				CLANG_WARN_QUOTED_INCLUDE_IN_FRAMEWORK_HEADER = YES;
				CLANG_WARN_RANGE_LOOP_ANALYSIS = YES;
				CLANG_WARN_STRICT_PROTOTYPES = YES;
				CLANG_WARN_SUSPICIOUS_MOVE = YES;
				CLANG_WARN_UNGUARDED_AVAILABILITY = YES_AGGRESSIVE;
				CLANG_WARN_UNREACHABLE_CODE = YES;
				CLANG_WARN__DUPLICATE_METHOD_MATCH = YES;
				COPY_PHASE_STRIP = NO;
				DEBUG_INFORMATION_FORMAT = dwarf;
				ENABLE_STRICT_OBJC_MSGSEND = YES;
				ENABLE_TESTABILITY = YES;
				ENABLE_USER_SCRIPT_SANDBOXING = YES;
				GCC_C_LANGUAGE_STANDARD = gnu17;
				GCC_DYNAMIC_NO_PIC = NO;
				GCC_NO_COMMON_BLOCKS = YES;
				GCC_OPTIMIZATION_LEVEL = 0;
				GCC_PREPROCESSOR_DEFINITIONS = (
					"DEBUG=1",
					"$(inherited)",
				);
				GCC_WARN_64_TO_32_BIT_CONVERSION = YES;
				GCC_WARN_ABOUT_RETURN_TYPE = YES_ERROR;
				GCC_WARN_UNDECLARED_SELECTOR = YES;
				GCC_WARN_UNINITIALIZED_AUTOS = YES_AGGRESSIVE;
				GCC_WARN_UNUSED_FUNCTION = YES;
				GCC_WARN_UNUSED_VARIABLE = YES;
				IPHONEOS_DEPLOYMENT_TARGET = 15.0;
				LOCALIZATION_PREFERS_STRING_CATALOGS = YES;
				MTL_ENABLE_DEBUG_INFO = INCLUDE_SOURCE;
				MTL_FAST_MATH = YES;
				ONLY_ACTIVE_ARCH = YES;
				SDKROOT = iphoneos;
			};
			name = Debug;
		};
		D85143812F698A4500FD1A19 /* Release */ = {
			isa = XCBuildConfiguration;
			buildSettings = {
				ALWAYS_SEARCH_USER_PATHS = NO;
				ASSETCATALOG_COMPILER_GENERATE_SWIFT_ASSET_SYMBOL_EXTENSIONS = YES;
				CLANG_ANALYZER_NONNULL = YES;
				CLANG_ANALYZER_NUMBER_OBJECT_CONVERSION = YES_AGGRESSIVE;
				CLANG_CXX_LANGUAGE_STANDARD = "gnu++20";
				CLANG_ENABLE_MODULES = YES;
				CLANG_ENABLE_OBJC_ARC = YES;
				CLANG_ENABLE_OBJC_WEAK = YES;
				CLANG_WARN_BLOCK_CAPTURE_AUTORELEASING = YES;
				CLANG_WARN_BOOL_CONVERSION = YES;
				CLANG_WARN_COMMA = YES;
				CLANG_WARN_CONSTANT_CONVERSION = YES;
				CLANG_WARN_DEPRECATED_OBJC_IMPLEMENTATIONS = YES;
				CLANG_WARN_DIRECT_OBJC_ISA_USAGE = YES_ERROR;
				CLANG_WARN_DOCUMENTATION_COMMENTS = YES;
				CLANG_WARN_EMPTY_BODY = YES;
				CLANG_WARN_ENUM_CONVERSION = YES;
				CLANG_WARN_INFINITE_RECURSION = YES;
				CLANG_WARN_INT_CONVERSION = YES;
				CLANG_WARN_NON_LITERAL_NULL_CONVERSION = YES;
				CLANG_WARN_OBJC_IMPLICIT_RETAIN_SELF = YES;
				CLANG_WARN_OBJC_LITERAL_CONVERSION = YES;
				CLANG_WARN_OBJC_ROOT_CLASS = YES_ERROR;
				CLANG_WARN_QUOTED_INCLUDE_IN_FRAMEWORK_HEADER = YES;
				CLANG_WARN_RANGE_LOOP_ANALYSIS = YES;
				CLANG_WARN_STRICT_PROTOTYPES = YES;
				CLANG_WARN_SUSPICIOUS_MOVE = YES;
				CLANG_WARN_UNGUARDED_AVAILABILITY = YES_AGGRESSIVE;
				CLANG_WARN_UNREACHABLE_CODE = YES;
				CLANG_WARN__DUPLICATE_METHOD_MATCH = YES;
				COPY_PHASE_STRIP = NO;
				DEBUG_INFORMATION_FORMAT = "dwarf-with-dsym";
				ENABLE_NS_ASSERTIONS = NO;
				ENABLE_STRICT_OBJC_MSGSEND = YES;
				ENABLE_USER_SCRIPT_SANDBOXING = YES;
				GCC_C_LANGUAGE_STANDARD = gnu17;
				GCC_NO_COMMON_BLOCKS = YES;
				GCC_WARN_64_TO_32_BIT_CONVERSION = YES;
				GCC_WARN_ABOUT_RETURN_TYPE = YES_ERROR;
				GCC_WARN_UNDECLARED_SELECTOR = YES;
				GCC_WARN_UNINITIALIZED_AUTOS = YES_AGGRESSIVE;
				GCC_WARN_UNUSED_FUNCTION = YES;
				GCC_WARN_UNUSED_VARIABLE = YES;
				IPHONEOS_DEPLOYMENT_TARGET = 15.0;
				LOCALIZATION_PREFERS_STRING_CATALOGS = YES;
				MTL_ENABLE_DEBUG_INFO = NO;
				MTL_FAST_MATH = YES;
				SDKROOT = iphoneos;
				VALIDATE_PRODUCT = YES;
			};
			name = Release;
		};
/* End XCBuildConfiguration section */

/* Begin XCConfigurationList section */
		D85143602F698A4300FD1A19 /* Build configuration list for PBXProject "SimpleExpenseTracker" */ = {
			isa = XCConfigurationList;
			buildConfigurations = (
				D85143802F698A4500FD1A19 /* Debug */,
				D85143812F698A4500FD1A19 /* Release */,
			);
			defaultConfigurationIsVisible = 0;
			defaultConfigurationName = Release;
		};
		D851437D2F698A4500FD1A19 /* Build configuration list for PBXNativeTarget "SimpleExpenseTracker" */ = {
			isa = XCConfigurationList;
			buildConfigurations = (
				D851437E2F698A4500FD1A19 /* Debug */,
				D851437F2F698A4500FD1A19 /* Release */,
			);
			defaultConfigurationIsVisible = 0;
			defaultConfigurationName = Release;
		};
/* End XCConfigurationList section */
	};
	rootObject = D851435D2F698A4300FD1A19 /* Project object */;
}
